
Microsoft Visual Studio Solution File, Format Version 12.00
# Visual Studio Version 17
VisualStudioVersion = 17.2.32630.192
MinimumVisualStudioVersion = 10.0.40219.1
Project("{8BC9CEB8-8B4A-11D0-8D11-00A0C91BC942}") = "tapl", "tapl\tapl.vcxproj", "{FF2E5BAC-AA10-4B8D-9843-4D80B0EC5E40}"
	ProjectSection(ProjectDependencies) = postProject
		{4B8925B6-4042-4B1F-AA4D-F82531C9B948} = {4B8925B6-4042-4B1F-AA4D-F82531C9B948}
	EndProjectSection
EndProject
Project("{8BC9CEB8-8B4A-11D0-8D11-00A0C91BC942}") = "tapl_tester", "tapl_tester\tapl_tester.vcxproj", "{69B64FDB-A9C4-42A8-9849-4F38F3571039}"
	ProjectSection(ProjectDependencies) = postProject
		{4B8925B6-4042-4B1F-AA4D-F82531C9B948} = {4B8925B6-4042-4B1F-AA4D-F82531C9B948}
	EndProjectSection
EndProject
Project("{8BC9CEB8-8B4A-11D0-8D11-00A0C91BC942}") = "tapl_kernel", "tapl_kernel\tapl_kernel.vcxproj", "{4B8925B6-4042-4B1F-AA4D-F82531C9B948}"
EndProject
Global
	GlobalSection(SolutionConfigurationPlatforms) = preSolution
		Debug|x64 = Debug|x64
		Debug|x86 = Debug|x86
		Release|x64 = Release|x64
		Release|x86 = Release|x86
	EndGlobalSection
	GlobalSection(ProjectConfigurationPlatforms) = postSolution
		{FF2E5BAC-AA10-4B8D-9843-4D80B0EC5E40}.Debug|x64.ActiveCfg = Debug|x64
		{FF2E5BAC-AA10-4B8D-9843-4D80B0EC5E40}.Debug|x64.Build.0 = Debug|x64
		{FF2E5BAC-AA10-4B8D-9843-4D80B0EC5E40}.Debug|x86.ActiveCfg = Debug|Win32
		{FF2E5BAC-AA10-4B8D-9843-4D80B0EC5E40}.Debug|x86.Build.0 = Debug|Win32
		{FF2E5BAC-AA10-4B8D-9843-4D80B0EC5E40}.Release|x64.ActiveCfg = Release|x64
		{FF2E5BAC-AA10-4B8D-9843-4D80B0EC5E40}.Release|x64.Build.0 = Release|x64
		{FF2E5BAC-AA10-4B8D-9843-4D80B0EC5E40}.Release|x86.ActiveCfg = Release|Win32
		{FF2E5BAC-AA10-4B8D-9843-4D80B0EC5E40}.Release|x86.Build.0 = Release|Win32
		{69B64FDB-A9C4-42A8-9849-4F38F3571039}.Debug|x64.ActiveCfg = Debug|x64
		{69B64FDB-A9C4-42A8-9849-4F38F3571039}.Debug|x64.Build.0 = Debug|x64
		{69B64FDB-A9C4-42A8-9849-4F38F3571039}.Debug|x86.ActiveCfg = Debug|Win32
		{69B64FDB-A9C4-42A8-9849-4F38F3571039}.Debug|x86.Build.0 = Debug|Win32
		{69B64FDB-A9C4-42A8-9849-4F38F3571039}.Release|x64.ActiveCfg = Release|x64
		{69B64FDB-A9C4-42A8-9849-4F38F3571039}.Release|x64.Build.0 = Release|x64
		{69B64FDB-A9C4-42A8-9849-4F38F3571039}.Release|x86.ActiveCfg = Release|Win32
		{69B64FDB-A9C4-42A8-9849-4F38F3571039}.Release|x86.Build.0 = Release|Win32
		{4B8925B6-4042-4B1F-AA4D-F82531C9B948}.Debug|x64.ActiveCfg = Debug|x64
		{4B8925B6-4042-4B1F-AA4D-F82531C9B948}.Debug|x64.Build.0 = Debug|x64
		{4B8925B6-4042-4B1F-AA4D-F82531C9B948}.Debug|x86.ActiveCfg = Debug|Win32
		{4B8925B6-4042-4B1F-AA4D-F82531C9B948}.Debug|x86.Build.0 = Debug|Win32
		{4B8925B6-4042-4B1F-AA4D-F82531C9B948}.Release|x64.ActiveCfg = Release|x64
		{4B8925B6-4042-4B1F-AA4D-F82531C9B948}.Release|x64.Build.0 = Release|x64
		{4B8925B6-4042-4B1F-AA4D-F82531C9B948}.Release|x86.ActiveCfg = Release|Win32
		{4B8925B6-4042-4B1F-AA4D-F82531C9B948}.Release|x86.Build.0 = Release|Win32
	EndGlobalSection
	GlobalSection(SolutionProperties) = preSolution
		HideSolutionNode = FALSE
	EndGlobalSection
	GlobalSection(ExtensibilityGlobals) = postSolution
		SolutionGuid = {73228372-8300-4CB3-82A3-22C441D2F945}
	EndGlobalSection
EndGlobal
